
Microsoft Visual Studio Solution File, Format Version 12.00
# Visual Studio Version 16
VisualStudioVersion = 16.0.30804.86
MinimumVisualStudioVersion = 10.0.40219.1
Project("{FAE04EC0-301F-11D3-BF4B-00C04F79EFBC}") = "ackTestApp2", "ackTestApp2\ackTestApp2.csproj", "{3589AF3A-6672-4621-8734-C7074F8F79BD}"
EndProject
Global
	GlobalSection(SolutionConfigurationPlatforms) = preSolution
		Debug|Any CPU = Debug|Any CPU
		Release|Any CPU = Release|Any CPU
	EndGlobalSection
	GlobalSection(ProjectConfigurationPlatforms) = postSolution
		{3589AF3A-6672-4621-8734-C7074F8F79BD}.Debug|Any CPU.ActiveCfg = Debug|Any CPU
		{3589AF3A-6672-4621-8734-C7074F8F79BD}.Debug|Any CPU.Build.0 = Debug|Any CPU
		{3589AF3A-6672-4621-8734-C7074F8F79BD}.Release|Any CPU.ActiveCfg = Release|Any CPU
		{3589AF3A-6672-4621-8734-C7074F8F79BD}.Release|Any CPU.Build.0 = Release|Any CPU
	EndGlobalSection
	GlobalSection(SolutionProperties) = preSolution
		HideSolutionNode = FALSE
	EndGlobalSection
	GlobalSection(ExtensibilityGlobals) = postSolution
		SolutionGuid = {FA01D39E-92AE-4F9F-B7EF-781755ADE998}
	EndGlobalSection
EndGlobal
